
Microsoft Visual Studio Solution File, Format Version 12.00
# Visual Studio Version 17
VisualStudioVersion = 17.5.33502.453
MinimumVisualStudioVersion = 10.0.40219.1
Project("{FAE04EC0-301F-11D3-BF4B-00C04F79EFBC}") = "mastermind-csharp", "mastermind-csharp\mastermind-csharp.csproj", "{AE06F4B6-E634-4224-8FAF-31FB197DE1BE}"
EndProject
Global
	GlobalSection(SolutionConfigurationPlatforms) = preSolution
		Debug|Any CPU = Debug|Any CPU
		Release|Any CPU = Release|Any CPU
	EndGlobalSection
	GlobalSection(ProjectConfigurationPlatforms) = postSolution
		{AE06F4B6-E634-4224-8FAF-31FB197DE1BE}.Debug|Any CPU.ActiveCfg = Debug|Any CPU
		{AE06F4B6-E634-4224-8FAF-31FB197DE1BE}.Debug|Any CPU.Build.0 = Debug|Any CPU
		{AE06F4B6-E634-4224-8FAF-31FB197DE1BE}.Release|Any CPU.ActiveCfg = Release|Any CPU
		{AE06F4B6-E634-4224-8FAF-31FB197DE1BE}.Release|Any CPU.Build.0 = Release|Any CPU
	EndGlobalSection
	GlobalSection(SolutionProperties) = preSolution
		HideSolutionNode = FALSE
	EndGlobalSection
	GlobalSection(ExtensibilityGlobals) = postSolution
		SolutionGuid = {6C42F4DB-F94A-4768-B5A7-E51EC288D176}
	EndGlobalSection
EndGlobal
